{
  "name": "gomission-mcp",
  "version": "0.1.0",
  "lockfileVersion": 3,
  "requires": true,
  "packages": {
    "": {
      "name": "gomission-mcp",
      "version": "0.1.0",
      "license": "MIT",
      "dependencies": {
        "@gomission/mcp": "^0.2.0"
      },
      "bin": {
        "gomission-mcp": "server.mjs"
      },
      "engines": {
        "node": ">=20"
      }
    },
    "node_modules/@gomission/mcp": {
      "version": "0.2.0",
      "resolved": "https://registry.npmjs.org/@gomission/mcp/-/mcp-0.2.0.tgz",
      "integrity": "sha512-4XqNwuB/KqPwJ2ddCJRX5+8igdxpnxkZMk0yZH0nwl789YxzRUCM3Gutuy9NjWBmYpuEbplqScxN0RkKtGbXnQ==",
      "license": "SEE LICENSE IN LICENSE",
      "bin": {
        "gomission-mcp": "bin/gomission-mcp.mjs"
      },
      "engines": {
        "node": ">=20"
      }
    }
  }
}
